
Microsoft Visual Studio Solution File, Format Version 12.00
# Visual Studio Version 17
VisualStudioVersion = 17.11.35327.3
MinimumVisualStudioVersion = 10.0.40219.1
Project("{FAE04EC0-301F-11D3-BF4B-00C04F79EFBC}") = "RFP_APP.Server", "RFP_APP.Server\RFP_APP.Server.csproj", "{18B4721D-1FE7-4435-B85D-076B65967820}"
EndProject
Project("{54A90642-561A-4BB1-A94E-469ADEE60C69}") = "rfp_app.client", "rfp_app.client\rfp_app.client.esproj", "{A3C5522B-41C0-4FB0-879C-B952A531E380}"
EndProject
Global
	GlobalSection(SolutionConfigurationPlatforms) = preSolution
		Debug|Any CPU = Debug|Any CPU
		Release|Any CPU = Release|Any CPU
	EndGlobalSection
	GlobalSection(ProjectConfigurationPlatforms) = postSolution
		{18B4721D-1FE7-4435-B85D-076B65967820}.Debug|Any CPU.ActiveCfg = Debug|Any CPU
		{18B4721D-1FE7-4435-B85D-076B65967820}.Debug|Any CPU.Build.0 = Debug|Any CPU
		{18B4721D-1FE7-4435-B85D-076B65967820}.Release|Any CPU.ActiveCfg = Release|Any CPU
		{18B4721D-1FE7-4435-B85D-076B65967820}.Release|Any CPU.Build.0 = Release|Any CPU
		{A3C5522B-41C0-4FB0-879C-B952A531E380}.Debug|Any CPU.ActiveCfg = Debug|Any CPU
		{A3C5522B-41C0-4FB0-879C-B952A531E380}.Debug|Any CPU.Build.0 = Debug|Any CPU
		{A3C5522B-41C0-4FB0-879C-B952A531E380}.Debug|Any CPU.Deploy.0 = Debug|Any CPU
		{A3C5522B-41C0-4FB0-879C-B952A531E380}.Release|Any CPU.ActiveCfg = Release|Any CPU
		{A3C5522B-41C0-4FB0-879C-B952A531E380}.Release|Any CPU.Build.0 = Release|Any CPU
		{A3C5522B-41C0-4FB0-879C-B952A531E380}.Release|Any CPU.Deploy.0 = Release|Any CPU
	EndGlobalSection
	GlobalSection(SolutionProperties) = preSolution
		HideSolutionNode = FALSE
	EndGlobalSection
	GlobalSection(ExtensibilityGlobals) = postSolution
		SolutionGuid = {88BCCD82-458A-47E1-8D18-95B4CF5DE8FE}
	EndGlobalSection
EndGlobal
